
Microsoft Visual Studio Solution File, Format Version 12.00
# Visual Studio 15
VisualStudioVersion = 15.0.28010.2046
MinimumVisualStudioVersion = 10.0.40219.1
Project("{FAE04EC0-301F-11D3-BF4B-00C04F79EFBC}") = "solution", "solution\solution.csproj", "{EB8D1A9F-21CB-48A2-9112-158E4BD1218E}"
EndProject
Global
	GlobalSection(SolutionConfigurationPlatforms) = preSolution
		Debug|x86 = Debug|x86
		Release|x86 = Release|x86
	EndGlobalSection
	GlobalSection(ProjectConfigurationPlatforms) = postSolution
		{EB8D1A9F-21CB-48A2-9112-158E4BD1218E}.Debug|x86.ActiveCfg = Debug|x86
		{EB8D1A9F-21CB-48A2-9112-158E4BD1218E}.Debug|x86.Build.0 = Debug|x86
		{EB8D1A9F-21CB-48A2-9112-158E4BD1218E}.Release|x86.ActiveCfg = Release|x86
		{EB8D1A9F-21CB-48A2-9112-158E4BD1218E}.Release|x86.Build.0 = Release|x86
	EndGlobalSection
	GlobalSection(SolutionProperties) = preSolution
		HideSolutionNode = FALSE
	EndGlobalSection
	GlobalSection(ExtensibilityGlobals) = postSolution
		SolutionGuid = {58DB49F5-3324-4952-8D77-A78388EF1162}
	EndGlobalSection
EndGlobal
